
Microsoft Visual Studio Solution File, Format Version 12.00
# Visual Studio Version 16
VisualStudioVersion = 16.0.30621.155
MinimumVisualStudioVersion = 10.0.40219.1
Project("{9A19103F-16F7-4668-BE54-9A1E7A4F7556}") = "WebApi", "WebApi.csproj", "{F70460A6-FF19-4A35-AC37-385BF0FE3C67}"
EndProject
Project("{9A19103F-16F7-4668-BE54-9A1E7A4F7556}") = "WebApi.Tests", "..\WebApi.Tests\WebApi.Tests.csproj", "{0D3032BA-2FBB-42BD-9F83-3A5A8D1D4AB7}"
EndProject
Project("{2150E333-8FDC-42A3-9474-1A3956D46DE8}") = "Domain", "Domain", "{9BB1E84D-85AD-4DD4-B9F9-6D70EA5F6C9A}"
EndProject
Project("{FAE04EC0-301F-11D3-BF4B-00C04F79EFBC}") = "Core", "..\Core\Core.csproj", "{8CCF8E39-E25C-4CFF-8631-38312CE4F308}"
EndProject
Global
	GlobalSection(SolutionConfigurationPlatforms) = preSolution
		Debug|Any CPU = Debug|Any CPU
		Release|Any CPU = Release|Any CPU
	EndGlobalSection
	GlobalSection(ProjectConfigurationPlatforms) = postSolution
		{F70460A6-FF19-4A35-AC37-385BF0FE3C67}.Debug|Any CPU.ActiveCfg = Debug|Any CPU
		{F70460A6-FF19-4A35-AC37-385BF0FE3C67}.Debug|Any CPU.Build.0 = Debug|Any CPU
		{F70460A6-FF19-4A35-AC37-385BF0FE3C67}.Release|Any CPU.ActiveCfg = Release|Any CPU
		{F70460A6-FF19-4A35-AC37-385BF0FE3C67}.Release|Any CPU.Build.0 = Release|Any CPU
		{0D3032BA-2FBB-42BD-9F83-3A5A8D1D4AB7}.Debug|Any CPU.ActiveCfg = Debug|Any CPU
		{0D3032BA-2FBB-42BD-9F83-3A5A8D1D4AB7}.Debug|Any CPU.Build.0 = Debug|Any CPU
		{0D3032BA-2FBB-42BD-9F83-3A5A8D1D4AB7}.Release|Any CPU.ActiveCfg = Release|Any CPU
		{0D3032BA-2FBB-42BD-9F83-3A5A8D1D4AB7}.Release|Any CPU.Build.0 = Release|Any CPU
		{8CCF8E39-E25C-4CFF-8631-38312CE4F308}.Debug|Any CPU.ActiveCfg = Debug|Any CPU
		{8CCF8E39-E25C-4CFF-8631-38312CE4F308}.Debug|Any CPU.Build.0 = Debug|Any CPU
		{8CCF8E39-E25C-4CFF-8631-38312CE4F308}.Release|Any CPU.ActiveCfg = Release|Any CPU
		{8CCF8E39-E25C-4CFF-8631-38312CE4F308}.Release|Any CPU.Build.0 = Release|Any CPU
	EndGlobalSection
	GlobalSection(SolutionProperties) = preSolution
		HideSolutionNode = FALSE
	EndGlobalSection
	GlobalSection(NestedProjects) = preSolution
		{8CCF8E39-E25C-4CFF-8631-38312CE4F308} = {9BB1E84D-85AD-4DD4-B9F9-6D70EA5F6C9A}
	EndGlobalSection
	GlobalSection(ExtensibilityGlobals) = postSolution
		SolutionGuid = {F3C8DD13-61AF-43FC-86B4-A5FDC9B59BEB}
	EndGlobalSection
EndGlobal
