
Microsoft Visual Studio Solution File, Format Version 12.00
# Visual Studio Version 16
VisualStudioVersion = 16.0.30621.155
MinimumVisualStudioVersion = 10.0.40219.1
Project("{9A19103F-16F7-4668-BE54-9A1E7A4F7556}") = "WebApi.Web", "WebApi.Web.csproj", "{F70460A6-FF19-4A35-AC37-385BF0FE3C67}"
EndProject
Project("{9A19103F-16F7-4668-BE54-9A1E7A4F7556}") = "WebApi.Tests", "..\WebApi.Tests\WebApi.Tests.csproj", "{0D3032BA-2FBB-42BD-9F83-3A5A8D1D4AB7}"
EndProject
Project("{9A19103F-16F7-4668-BE54-9A1E7A4F7556}") = "WebApi.DAL", "..\WebApi.DAL\WebApi.DAL.csproj", "{BD5028C7-3379-47B7-999A-5C1B25ED4C92}"
EndProject
Project("{FAE04EC0-301F-11D3-BF4B-00C04F79EFBC}") = "WebApi.BLL", "..\WebApi.BLL\WebApi.BLL.csproj", "{144FC529-018D-43C4-9208-706BFF5AACC0}"
EndProject
Global
	GlobalSection(SolutionConfigurationPlatforms) = preSolution
		Debug|Any CPU = Debug|Any CPU
		Release|Any CPU = Release|Any CPU
	EndGlobalSection
	GlobalSection(ProjectConfigurationPlatforms) = postSolution
		{F70460A6-FF19-4A35-AC37-385BF0FE3C67}.Debug|Any CPU.ActiveCfg = Debug|Any CPU
		{F70460A6-FF19-4A35-AC37-385BF0FE3C67}.Debug|Any CPU.Build.0 = Debug|Any CPU
		{F70460A6-FF19-4A35-AC37-385BF0FE3C67}.Release|Any CPU.ActiveCfg = Release|Any CPU
		{F70460A6-FF19-4A35-AC37-385BF0FE3C67}.Release|Any CPU.Build.0 = Release|Any CPU
		{0D3032BA-2FBB-42BD-9F83-3A5A8D1D4AB7}.Debug|Any CPU.ActiveCfg = Debug|Any CPU
		{0D3032BA-2FBB-42BD-9F83-3A5A8D1D4AB7}.Debug|Any CPU.Build.0 = Debug|Any CPU
		{0D3032BA-2FBB-42BD-9F83-3A5A8D1D4AB7}.Release|Any CPU.ActiveCfg = Release|Any CPU
		{0D3032BA-2FBB-42BD-9F83-3A5A8D1D4AB7}.Release|Any CPU.Build.0 = Release|Any CPU
		{BD5028C7-3379-47B7-999A-5C1B25ED4C92}.Debug|Any CPU.ActiveCfg = Debug|Any CPU
		{BD5028C7-3379-47B7-999A-5C1B25ED4C92}.Debug|Any CPU.Build.0 = Debug|Any CPU
		{BD5028C7-3379-47B7-999A-5C1B25ED4C92}.Release|Any CPU.ActiveCfg = Release|Any CPU
		{BD5028C7-3379-47B7-999A-5C1B25ED4C92}.Release|Any CPU.Build.0 = Release|Any CPU
		{144FC529-018D-43C4-9208-706BFF5AACC0}.Debug|Any CPU.ActiveCfg = Debug|Any CPU
		{144FC529-018D-43C4-9208-706BFF5AACC0}.Debug|Any CPU.Build.0 = Debug|Any CPU
		{144FC529-018D-43C4-9208-706BFF5AACC0}.Release|Any CPU.ActiveCfg = Release|Any CPU
		{144FC529-018D-43C4-9208-706BFF5AACC0}.Release|Any CPU.Build.0 = Release|Any CPU
	EndGlobalSection
	GlobalSection(SolutionProperties) = preSolution
		HideSolutionNode = FALSE
	EndGlobalSection
	GlobalSection(ExtensibilityGlobals) = postSolution
		SolutionGuid = {F3C8DD13-61AF-43FC-86B4-A5FDC9B59BEB}
	EndGlobalSection
EndGlobal
